
Microsoft Visual Studio Solution File, Format Version 12.00
# Visual Studio Version 16
VisualStudioVersion = 16.0.30320.27
MinimumVisualStudioVersion = 10.0.40219.1
Project("{D954291E-2A0B-460D-934E-DC6B0785DB48}") = "ProjectPrespend.UI.Shared", "ProjectPrespend.UI\ProjectPrespend.UI.Shared\ProjectPrespend.UI.Shared.shproj", "{6279C845-92F8-4333-AB99-3D213163593C}"
EndProject
Project("{FAE04EC0-301F-11D3-BF4B-00C04F79EFBC}") = "ProjectPrespend.UI.Droid", "ProjectPrespend.UI\ProjectPrespend.UI.Droid\ProjectPrespend.UI.Droid.csproj", "{BFF02102-354A-465A-9531-49CBA766B851}"
EndProject
Project("{FAE04EC0-301F-11D3-BF4B-00C04F79EFBC}") = "ProjectPrespend.UI.iOS", "ProjectPrespend.UI\ProjectPrespend.UI.iOS\ProjectPrespend.UI.iOS.csproj", "{0BD0D0E3-993A-4B9F-AE44-2CC96A787D59}"
EndProject
Project("{FAE04EC0-301F-11D3-BF4B-00C04F79EFBC}") = "ProjectPrespend.UI.UWP", "ProjectPrespend.UI\ProjectPrespend.UI.UWP\ProjectPrespend.UI.UWP.csproj", "{6FA8E8AD-BDA1-4789-947F-5D484D2BEAF0}"
EndProject
Project("{FAE04EC0-301F-11D3-BF4B-00C04F79EFBC}") = "ProjectPrespend.UI.Wasm", "ProjectPrespend.UI\ProjectPrespend.UI.Wasm\ProjectPrespend.UI.Wasm.csproj", "{F932878E-9017-4B17-A182-157FBB16E652}"
EndProject
Project("{FAE04EC0-301F-11D3-BF4B-00C04F79EFBC}") = "ProjectPrespend.UI.macOS", "ProjectPrespend.UI\ProjectPrespend.UI.macOS\ProjectPrespend.UI.macOS.csproj", "{63480F45-C331-4719-9B5F-73F1FB92560B}"
EndProject
Project("{FAE04EC0-301F-11D3-BF4B-00C04F79EFBC}") = "ProjectPrespend.Common", "ProjectPrespend.Common\ProjectPrespend.Common.csproj", "{E2C9AA3E-AC63-4842-B55B-BE70FBB2240B}"
EndProject
Global
	GlobalSection(SharedMSBuildProjectFiles) = preSolution
		ProjectPrespend.UI\ProjectPrespend.UI.Shared\ProjectPrespend.UI.Shared.projitems*{0bd0d0e3-993a-4b9f-ae44-2cc96a787d59}*SharedItemsImports = 4
		ProjectPrespend.UI\ProjectPrespend.UI.Shared\ProjectPrespend.UI.Shared.projitems*{6279c845-92f8-4333-ab99-3d213163593c}*SharedItemsImports = 13
		ProjectPrespend.UI\ProjectPrespend.UI.Shared\ProjectPrespend.UI.Shared.projitems*{63480f45-c331-4719-9b5f-73f1fb92560b}*SharedItemsImports = 4
		ProjectPrespend.UI\ProjectPrespend.UI.Shared\ProjectPrespend.UI.Shared.projitems*{6fa8e8ad-bda1-4789-947f-5d484d2beaf0}*SharedItemsImports = 4
		ProjectPrespend.UI\ProjectPrespend.UI.Shared\ProjectPrespend.UI.Shared.projitems*{bff02102-354a-465a-9531-49cba766b851}*SharedItemsImports = 4
		ProjectPrespend.UI\ProjectPrespend.UI.Shared\ProjectPrespend.UI.Shared.projitems*{f932878e-9017-4b17-a182-157fbb16e652}*SharedItemsImports = 5
	EndGlobalSection
	GlobalSection(SolutionConfigurationPlatforms) = preSolution
		Ad-Hoc|Any CPU = Ad-Hoc|Any CPU
		Ad-Hoc|ARM = Ad-Hoc|ARM
		Ad-Hoc|ARM64 = Ad-Hoc|ARM64
		Ad-Hoc|iPhone = Ad-Hoc|iPhone
		Ad-Hoc|iPhoneSimulator = Ad-Hoc|iPhoneSimulator
		Ad-Hoc|x64 = Ad-Hoc|x64
		Ad-Hoc|x86 = Ad-Hoc|x86
		AppStore|Any CPU = AppStore|Any CPU
		AppStore|ARM = AppStore|ARM
		AppStore|ARM64 = AppStore|ARM64
		AppStore|iPhone = AppStore|iPhone
		AppStore|iPhoneSimulator = AppStore|iPhoneSimulator
		AppStore|x64 = AppStore|x64
		AppStore|x86 = AppStore|x86
		Debug|Any CPU = Debug|Any CPU
		Debug|ARM = Debug|ARM
		Debug|ARM64 = Debug|ARM64
		Debug|iPhone = Debug|iPhone
		Debug|iPhoneSimulator = Debug|iPhoneSimulator
		Debug|x64 = Debug|x64
		Debug|x86 = Debug|x86
		Release|Any CPU = Release|Any CPU
		Release|ARM = Release|ARM
		Release|ARM64 = Release|ARM64
		Release|iPhone = Release|iPhone
		Release|iPhoneSimulator = Release|iPhoneSimulator
		Release|x64 = Release|x64
		Release|x86 = Release|x86
	EndGlobalSection
	GlobalSection(ProjectConfigurationPlatforms) = postSolution
		{BFF02102-354A-465A-9531-49CBA766B851}.Ad-Hoc|Any CPU.ActiveCfg = Release|Any CPU
		{BFF02102-354A-465A-9531-49CBA766B851}.Ad-Hoc|Any CPU.Build.0 = Release|Any CPU
		{BFF02102-354A-465A-9531-49CBA766B851}.Ad-Hoc|Any CPU.Deploy.0 = Release|Any CPU
		{BFF02102-354A-465A-9531-49CBA766B851}.Ad-Hoc|ARM.ActiveCfg = Release|Any CPU
		{BFF02102-354A-465A-9531-49CBA766B851}.Ad-Hoc|ARM.Build.0 = Release|Any CPU
		{BFF02102-354A-465A-9531-49CBA766B851}.Ad-Hoc|ARM.Deploy.0 = Release|Any CPU
		{BFF02102-354A-465A-9531-49CBA766B851}.Ad-Hoc|ARM64.ActiveCfg = Release|Any CPU
		{BFF02102-354A-465A-9531-49CBA766B851}.Ad-Hoc|ARM64.Build.0 = Release|Any CPU
		{BFF02102-354A-465A-9531-49CBA766B851}.Ad-Hoc|ARM64.Deploy.0 = Release|Any CPU
		{BFF02102-354A-465A-9531-49CBA766B851}.Ad-Hoc|iPhone.ActiveCfg = Release|Any CPU
		{BFF02102-354A-465A-9531-49CBA766B851}.Ad-Hoc|iPhone.Build.0 = Release|Any CPU
		{BFF02102-354A-465A-9531-49CBA766B851}.Ad-Hoc|iPhone.Deploy.0 = Release|Any CPU
		{BFF02102-354A-465A-9531-49CBA766B851}.Ad-Hoc|iPhoneSimulator.ActiveCfg = Release|Any CPU
		{BFF02102-354A-465A-9531-49CBA766B851}.Ad-Hoc|iPhoneSimulator.Build.0 = Release|Any CPU
		{BFF02102-354A-465A-9531-49CBA766B851}.Ad-Hoc|iPhoneSimulator.Deploy.0 = Release|Any CPU
		{BFF02102-354A-465A-9531-49CBA766B851}.Ad-Hoc|x64.ActiveCfg = Release|Any CPU
		{BFF02102-354A-465A-9531-49CBA766B851}.Ad-Hoc|x64.Build.0 = Release|Any CPU
		{BFF02102-354A-465A-9531-49CBA766B851}.Ad-Hoc|x64.Deploy.0 = Release|Any CPU
		{BFF02102-354A-465A-9531-49CBA766B851}.Ad-Hoc|x86.ActiveCfg = Release|Any CPU
		{BFF02102-354A-465A-9531-49CBA766B851}.Ad-Hoc|x86.Build.0 = Release|Any CPU
		{BFF02102-354A-465A-9531-49CBA766B851}.Ad-Hoc|x86.Deploy.0 = Release|Any CPU
		{BFF02102-354A-465A-9531-49CBA766B851}.AppStore|Any CPU.ActiveCfg = Release|Any CPU
		{BFF02102-354A-465A-9531-49CBA766B851}.AppStore|Any CPU.Build.0 = Release|Any CPU
		{BFF02102-354A-465A-9531-49CBA766B851}.AppStore|Any CPU.Deploy.0 = Release|Any CPU
		{BFF02102-354A-465A-9531-49CBA766B851}.AppStore|ARM.ActiveCfg = Release|Any CPU
		{BFF02102-354A-465A-9531-49CBA766B851}.AppStore|ARM.Build.0 = Release|Any CPU
		{BFF02102-354A-465A-9531-49CBA766B851}.AppStore|ARM.Deploy.0 = Release|Any CPU
		{BFF02102-354A-465A-9531-49CBA766B851}.AppStore|ARM64.ActiveCfg = Release|Any CPU
		{BFF02102-354A-465A-9531-49CBA766B851}.AppStore|ARM64.Build.0 = Release|Any CPU
		{BFF02102-354A-465A-9531-49CBA766B851}.AppStore|ARM64.Deploy.0 = Release|Any CPU
		{BFF02102-354A-465A-9531-49CBA766B851}.AppStore|iPhone.ActiveCfg = Release|Any CPU
		{BFF02102-354A-465A-9531-49CBA766B851}.AppStore|iPhone.Build.0 = Release|Any CPU
		{BFF02102-354A-465A-9531-49CBA766B851}.AppStore|iPhone.Deploy.0 = Release|Any CPU
		{BFF02102-354A-465A-9531-49CBA766B851}.AppStore|iPhoneSimulator.ActiveCfg = Release|Any CPU
		{BFF02102-354A-465A-9531-49CBA766B851}.AppStore|iPhoneSimulator.Build.0 = Release|Any CPU
		{BFF02102-354A-465A-9531-49CBA766B851}.AppStore|iPhoneSimulator.Deploy.0 = Release|Any CPU
		{BFF02102-354A-465A-9531-49CBA766B851}.AppStore|x64.ActiveCfg = Release|Any CPU
		{BFF02102-354A-465A-9531-49CBA766B851}.AppStore|x64.Build.0 = Release|Any CPU
		{BFF02102-354A-465A-9531-49CBA766B851}.AppStore|x64.Deploy.0 = Release|Any CPU
		{BFF02102-354A-465A-9531-49CBA766B851}.AppStore|x86.ActiveCfg = Release|Any CPU
		{BFF02102-354A-465A-9531-49CBA766B851}.AppStore|x86.Build.0 = Release|Any CPU
		{BFF02102-354A-465A-9531-49CBA766B851}.AppStore|x86.Deploy.0 = Release|Any CPU
		{BFF02102-354A-465A-9531-49CBA766B851}.Debug|Any CPU.ActiveCfg = Debug|Any CPU
		{BFF02102-354A-465A-9531-49CBA766B851}.Debug|Any CPU.Build.0 = Debug|Any CPU
		{BFF02102-354A-465A-9531-49CBA766B851}.Debug|Any CPU.Deploy.0 = Debug|Any CPU
		{BFF02102-354A-465A-9531-49CBA766B851}.Debug|ARM.ActiveCfg = Debug|Any CPU
		{BFF02102-354A-465A-9531-49CBA766B851}.Debug|ARM.Build.0 = Debug|Any CPU
		{BFF02102-354A-465A-9531-49CBA766B851}.Debug|ARM.Deploy.0 = Debug|Any CPU
		{BFF02102-354A-465A-9531-49CBA766B851}.Debug|ARM64.ActiveCfg = Debug|Any CPU
		{BFF02102-354A-465A-9531-49CBA766B851}.Debug|ARM64.Build.0 = Debug|Any CPU
		{BFF02102-354A-465A-9531-49CBA766B851}.Debug|ARM64.Deploy.0 = Debug|Any CPU
		{BFF02102-354A-465A-9531-49CBA766B851}.Debug|iPhone.ActiveCfg = Debug|Any CPU
		{BFF02102-354A-465A-9531-49CBA766B851}.Debug|iPhone.Build.0 = Debug|Any CPU
		{BFF02102-354A-465A-9531-49CBA766B851}.Debug|iPhone.Deploy.0 = Debug|Any CPU
		{BFF02102-354A-465A-9531-49CBA766B851}.Debug|iPhoneSimulator.ActiveCfg = Debug|Any CPU
		{BFF02102-354A-465A-9531-49CBA766B851}.Debug|iPhoneSimulator.Build.0 = Debug|Any CPU
		{BFF02102-354A-465A-9531-49CBA766B851}.Debug|iPhoneSimulator.Deploy.0 = Debug|Any CPU
		{BFF02102-354A-465A-9531-49CBA766B851}.Debug|x64.ActiveCfg = Debug|Any CPU
		{BFF02102-354A-465A-9531-49CBA766B851}.Debug|x64.Build.0 = Debug|Any CPU
		{BFF02102-354A-465A-9531-49CBA766B851}.Debug|x64.Deploy.0 = Debug|Any CPU
		{BFF02102-354A-465A-9531-49CBA766B851}.Debug|x86.ActiveCfg = Debug|Any CPU
		{BFF02102-354A-465A-9531-49CBA766B851}.Debug|x86.Build.0 = Debug|Any CPU
		{BFF02102-354A-465A-9531-49CBA766B851}.Debug|x86.Deploy.0 = Debug|Any CPU
		{BFF02102-354A-465A-9531-49CBA766B851}.Release|Any CPU.ActiveCfg = Release|Any CPU
		{BFF02102-354A-465A-9531-49CBA766B851}.Release|Any CPU.Build.0 = Release|Any CPU
		{BFF02102-354A-465A-9531-49CBA766B851}.Release|Any CPU.Deploy.0 = Release|Any CPU
		{BFF02102-354A-465A-9531-49CBA766B851}.Release|ARM.ActiveCfg = Release|Any CPU
		{BFF02102-354A-465A-9531-49CBA766B851}.Release|ARM.Build.0 = Release|Any CPU
		{BFF02102-354A-465A-9531-49CBA766B851}.Release|ARM.Deploy.0 = Release|Any CPU
		{BFF02102-354A-465A-9531-49CBA766B851}.Release|ARM64.ActiveCfg = Release|Any CPU
		{BFF02102-354A-465A-9531-49CBA766B851}.Release|ARM64.Build.0 = Release|Any CPU
		{BFF02102-354A-465A-9531-49CBA766B851}.Release|ARM64.Deploy.0 = Release|Any CPU
		{BFF02102-354A-465A-9531-49CBA766B851}.Release|iPhone.ActiveCfg = Release|Any CPU
		{BFF02102-354A-465A-9531-49CBA766B851}.Release|iPhone.Build.0 = Release|Any CPU
		{BFF02102-354A-465A-9531-49CBA766B851}.Release|iPhone.Deploy.0 = Release|Any CPU
		{BFF02102-354A-465A-9531-49CBA766B851}.Release|iPhoneSimulator.ActiveCfg = Release|Any CPU
		{BFF02102-354A-465A-9531-49CBA766B851}.Release|iPhoneSimulator.Build.0 = Release|Any CPU
		{BFF02102-354A-465A-9531-49CBA766B851}.Release|iPhoneSimulator.Deploy.0 = Release|Any CPU
		{BFF02102-354A-465A-9531-49CBA766B851}.Release|x64.ActiveCfg = Release|Any CPU
		{BFF02102-354A-465A-9531-49CBA766B851}.Release|x64.Build.0 = Release|Any CPU
		{BFF02102-354A-465A-9531-49CBA766B851}.Release|x64.Deploy.0 = Release|Any CPU
		{BFF02102-354A-465A-9531-49CBA766B851}.Release|x86.ActiveCfg = Release|Any CPU
		{BFF02102-354A-465A-9531-49CBA766B851}.Release|x86.Build.0 = Release|Any CPU
		{BFF02102-354A-465A-9531-49CBA766B851}.Release|x86.Deploy.0 = Release|Any CPU
		{0BD0D0E3-993A-4B9F-AE44-2CC96A787D59}.Ad-Hoc|Any CPU.ActiveCfg = Ad-Hoc|iPhone
		{0BD0D0E3-993A-4B9F-AE44-2CC96A787D59}.Ad-Hoc|ARM.ActiveCfg = Ad-Hoc|iPhone
		{0BD0D0E3-993A-4B9F-AE44-2CC96A787D59}.Ad-Hoc|ARM64.ActiveCfg = Ad-Hoc|iPhone
		{0BD0D0E3-993A-4B9F-AE44-2CC96A787D59}.Ad-Hoc|iPhone.ActiveCfg = Ad-Hoc|iPhone
		{0BD0D0E3-993A-4B9F-AE44-2CC96A787D59}.Ad-Hoc|iPhone.Build.0 = Ad-Hoc|iPhone
		{0BD0D0E3-993A-4B9F-AE44-2CC96A787D59}.Ad-Hoc|iPhoneSimulator.ActiveCfg = Ad-Hoc|iPhoneSimulator
		{0BD0D0E3-993A-4B9F-AE44-2CC96A787D59}.Ad-Hoc|iPhoneSimulator.Build.0 = Ad-Hoc|iPhoneSimulator
		{0BD0D0E3-993A-4B9F-AE44-2CC96A787D59}.Ad-Hoc|x64.ActiveCfg = Ad-Hoc|iPhone
		{0BD0D0E3-993A-4B9F-AE44-2CC96A787D59}.Ad-Hoc|x86.ActiveCfg = Ad-Hoc|iPhone
		{0BD0D0E3-993A-4B9F-AE44-2CC96A787D59}.AppStore|Any CPU.ActiveCfg = AppStore|iPhone
		{0BD0D0E3-993A-4B9F-AE44-2CC96A787D59}.AppStore|ARM.ActiveCfg = AppStore|iPhone
		{0BD0D0E3-993A-4B9F-AE44-2CC96A787D59}.AppStore|ARM64.ActiveCfg = AppStore|iPhone
		{0BD0D0E3-993A-4B9F-AE44-2CC96A787D59}.AppStore|iPhone.ActiveCfg = AppStore|iPhone
		{0BD0D0E3-993A-4B9F-AE44-2CC96A787D59}.AppStore|iPhone.Build.0 = AppStore|iPhone
		{0BD0D0E3-993A-4B9F-AE44-2CC96A787D59}.AppStore|iPhoneSimulator.ActiveCfg = AppStore|iPhoneSimulator
		{0BD0D0E3-993A-4B9F-AE44-2CC96A787D59}.AppStore|iPhoneSimulator.Build.0 = AppStore|iPhoneSimulator
		{0BD0D0E3-993A-4B9F-AE44-2CC96A787D59}.AppStore|x64.ActiveCfg = AppStore|iPhone
		{0BD0D0E3-993A-4B9F-AE44-2CC96A787D59}.AppStore|x86.ActiveCfg = AppStore|iPhone
		{0BD0D0E3-993A-4B9F-AE44-2CC96A787D59}.Debug|Any CPU.ActiveCfg = Debug|iPhone
		{0BD0D0E3-993A-4B9F-AE44-2CC96A787D59}.Debug|ARM.ActiveCfg = Debug|iPhone
		{0BD0D0E3-993A-4B9F-AE44-2CC96A787D59}.Debug|ARM64.ActiveCfg = Debug|iPhone
		{0BD0D0E3-993A-4B9F-AE44-2CC96A787D59}.Debug|iPhone.ActiveCfg = Debug|iPhone
		{0BD0D0E3-993A-4B9F-AE44-2CC96A787D59}.Debug|iPhone.Build.0 = Debug|iPhone
		{0BD0D0E3-993A-4B9F-AE44-2CC96A787D59}.Debug|iPhoneSimulator.ActiveCfg = Debug|iPhoneSimulator
		{0BD0D0E3-993A-4B9F-AE44-2CC96A787D59}.Debug|iPhoneSimulator.Build.0 = Debug|iPhoneSimulator
		{0BD0D0E3-993A-4B9F-AE44-2CC96A787D59}.Debug|x64.ActiveCfg = Debug|iPhone
		{0BD0D0E3-993A-4B9F-AE44-2CC96A787D59}.Debug|x86.ActiveCfg = Debug|iPhone
		{0BD0D0E3-993A-4B9F-AE44-2CC96A787D59}.Release|Any CPU.ActiveCfg = Release|iPhone
		{0BD0D0E3-993A-4B9F-AE44-2CC96A787D59}.Release|ARM.ActiveCfg = Release|iPhone
		{0BD0D0E3-993A-4B9F-AE44-2CC96A787D59}.Release|ARM64.ActiveCfg = Release|iPhone
		{0BD0D0E3-993A-4B9F-AE44-2CC96A787D59}.Release|iPhone.ActiveCfg = Release|iPhone
		{0BD0D0E3-993A-4B9F-AE44-2CC96A787D59}.Release|iPhone.Build.0 = Release|iPhone
		{0BD0D0E3-993A-4B9F-AE44-2CC96A787D59}.Release|iPhoneSimulator.ActiveCfg = Release|iPhoneSimulator
		{0BD0D0E3-993A-4B9F-AE44-2CC96A787D59}.Release|iPhoneSimulator.Build.0 = Release|iPhoneSimulator
		{0BD0D0E3-993A-4B9F-AE44-2CC96A787D59}.Release|x64.ActiveCfg = Release|iPhone
		{0BD0D0E3-993A-4B9F-AE44-2CC96A787D59}.Release|x86.ActiveCfg = Release|iPhone
		{6FA8E8AD-BDA1-4789-947F-5D484D2BEAF0}.Ad-Hoc|Any CPU.ActiveCfg = Release|x64
		{6FA8E8AD-BDA1-4789-947F-5D484D2BEAF0}.Ad-Hoc|Any CPU.Build.0 = Release|x64
		{6FA8E8AD-BDA1-4789-947F-5D484D2BEAF0}.Ad-Hoc|Any CPU.Deploy.0 = Release|x64
		{6FA8E8AD-BDA1-4789-947F-5D484D2BEAF0}.Ad-Hoc|ARM.ActiveCfg = Release|ARM
		{6FA8E8AD-BDA1-4789-947F-5D484D2BEAF0}.Ad-Hoc|ARM.Build.0 = Release|ARM
		{6FA8E8AD-BDA1-4789-947F-5D484D2BEAF0}.Ad-Hoc|ARM.Deploy.0 = Release|ARM
		{6FA8E8AD-BDA1-4789-947F-5D484D2BEAF0}.Ad-Hoc|ARM64.ActiveCfg = Release|ARM64
		{6FA8E8AD-BDA1-4789-947F-5D484D2BEAF0}.Ad-Hoc|ARM64.Build.0 = Release|ARM64
		{6FA8E8AD-BDA1-4789-947F-5D484D2BEAF0}.Ad-Hoc|ARM64.Deploy.0 = Release|ARM64
		{6FA8E8AD-BDA1-4789-947F-5D484D2BEAF0}.Ad-Hoc|iPhone.ActiveCfg = Release|x64
		{6FA8E8AD-BDA1-4789-947F-5D484D2BEAF0}.Ad-Hoc|iPhone.Build.0 = Release|x64
		{6FA8E8AD-BDA1-4789-947F-5D484D2BEAF0}.Ad-Hoc|iPhone.Deploy.0 = Release|x64
		{6FA8E8AD-BDA1-4789-947F-5D484D2BEAF0}.Ad-Hoc|iPhoneSimulator.ActiveCfg = Release|x64
		{6FA8E8AD-BDA1-4789-947F-5D484D2BEAF0}.Ad-Hoc|iPhoneSimulator.Build.0 = Release|x64
		{6FA8E8AD-BDA1-4789-947F-5D484D2BEAF0}.Ad-Hoc|iPhoneSimulator.Deploy.0 = Release|x64
		{6FA8E8AD-BDA1-4789-947F-5D484D2BEAF0}.Ad-Hoc|x64.ActiveCfg = Release|x64
		{6FA8E8AD-BDA1-4789-947F-5D484D2BEAF0}.Ad-Hoc|x64.Build.0 = Release|x64
		{6FA8E8AD-BDA1-4789-947F-5D484D2BEAF0}.Ad-Hoc|x64.Deploy.0 = Release|x64
		{6FA8E8AD-BDA1-4789-947F-5D484D2BEAF0}.Ad-Hoc|x86.ActiveCfg = Release|x86
		{6FA8E8AD-BDA1-4789-947F-5D484D2BEAF0}.Ad-Hoc|x86.Build.0 = Release|x86
		{6FA8E8AD-BDA1-4789-947F-5D484D2BEAF0}.Ad-Hoc|x86.Deploy.0 = Release|x86
		{6FA8E8AD-BDA1-4789-947F-5D484D2BEAF0}.AppStore|Any CPU.ActiveCfg = Release|x64
		{6FA8E8AD-BDA1-4789-947F-5D484D2BEAF0}.AppStore|Any CPU.Build.0 = Release|x64
		{6FA8E8AD-BDA1-4789-947F-5D484D2BEAF0}.AppStore|Any CPU.Deploy.0 = Release|x64
		{6FA8E8AD-BDA1-4789-947F-5D484D2BEAF0}.AppStore|ARM.ActiveCfg = Release|ARM
		{6FA8E8AD-BDA1-4789-947F-5D484D2BEAF0}.AppStore|ARM.Build.0 = Release|ARM
		{6FA8E8AD-BDA1-4789-947F-5D484D2BEAF0}.AppStore|ARM.Deploy.0 = Release|ARM
		{6FA8E8AD-BDA1-4789-947F-5D484D2BEAF0}.AppStore|ARM64.ActiveCfg = Release|ARM64
		{6FA8E8AD-BDA1-4789-947F-5D484D2BEAF0}.AppStore|ARM64.Build.0 = Release|ARM64
		{6FA8E8AD-BDA1-4789-947F-5D484D2BEAF0}.AppStore|ARM64.Deploy.0 = Release|ARM64
		{6FA8E8AD-BDA1-4789-947F-5D484D2BEAF0}.AppStore|iPhone.ActiveCfg = Release|x64
		{6FA8E8AD-BDA1-4789-947F-5D484D2BEAF0}.AppStore|iPhone.Build.0 = Release|x64
		{6FA8E8AD-BDA1-4789-947F-5D484D2BEAF0}.AppStore|iPhone.Deploy.0 = Release|x64
		{6FA8E8AD-BDA1-4789-947F-5D484D2BEAF0}.AppStore|iPhoneSimulator.ActiveCfg = Release|x64
		{6FA8E8AD-BDA1-4789-947F-5D484D2BEAF0}.AppStore|iPhoneSimulator.Build.0 = Release|x64
		{6FA8E8AD-BDA1-4789-947F-5D484D2BEAF0}.AppStore|iPhoneSimulator.Deploy.0 = Release|x64
		{6FA8E8AD-BDA1-4789-947F-5D484D2BEAF0}.AppStore|x64.ActiveCfg = Release|x64
		{6FA8E8AD-BDA1-4789-947F-5D484D2BEAF0}.AppStore|x64.Build.0 = Release|x64
		{6FA8E8AD-BDA1-4789-947F-5D484D2BEAF0}.AppStore|x64.Deploy.0 = Release|x64
		{6FA8E8AD-BDA1-4789-947F-5D484D2BEAF0}.AppStore|x86.ActiveCfg = Release|x86
		{6FA8E8AD-BDA1-4789-947F-5D484D2BEAF0}.AppStore|x86.Build.0 = Release|x86
		{6FA8E8AD-BDA1-4789-947F-5D484D2BEAF0}.AppStore|x86.Deploy.0 = Release|x86
		{6FA8E8AD-BDA1-4789-947F-5D484D2BEAF0}.Debug|Any CPU.ActiveCfg = Debug|x86
		{6FA8E8AD-BDA1-4789-947F-5D484D2BEAF0}.Debug|ARM.ActiveCfg = Debug|ARM
		{6FA8E8AD-BDA1-4789-947F-5D484D2BEAF0}.Debug|ARM.Build.0 = Debug|ARM
		{6FA8E8AD-BDA1-4789-947F-5D484D2BEAF0}.Debug|ARM.Deploy.0 = Debug|ARM
		{6FA8E8AD-BDA1-4789-947F-5D484D2BEAF0}.Debug|ARM64.ActiveCfg = Debug|ARM64
		{6FA8E8AD-BDA1-4789-947F-5D484D2BEAF0}.Debug|ARM64.Build.0 = Debug|ARM64
		{6FA8E8AD-BDA1-4789-947F-5D484D2BEAF0}.Debug|ARM64.Deploy.0 = Debug|ARM64
		{6FA8E8AD-BDA1-4789-947F-5D484D2BEAF0}.Debug|iPhone.ActiveCfg = Debug|x86
		{6FA8E8AD-BDA1-4789-947F-5D484D2BEAF0}.Debug|iPhoneSimulator.ActiveCfg = Debug|x86
		{6FA8E8AD-BDA1-4789-947F-5D484D2BEAF0}.Debug|x64.ActiveCfg = Debug|x64
		{6FA8E8AD-BDA1-4789-947F-5D484D2BEAF0}.Debug|x64.Build.0 = Debug|x64
		{6FA8E8AD-BDA1-4789-947F-5D484D2BEAF0}.Debug|x64.Deploy.0 = Debug|x64
		{6FA8E8AD-BDA1-4789-947F-5D484D2BEAF0}.Debug|x86.ActiveCfg = Debug|x86
		{6FA8E8AD-BDA1-4789-947F-5D484D2BEAF0}.Debug|x86.Build.0 = Debug|x86
		{6FA8E8AD-BDA1-4789-947F-5D484D2BEAF0}.Debug|x86.Deploy.0 = Debug|x86
		{6FA8E8AD-BDA1-4789-947F-5D484D2BEAF0}.Release|Any CPU.ActiveCfg = Release|x86
		{6FA8E8AD-BDA1-4789-947F-5D484D2BEAF0}.Release|ARM.ActiveCfg = Release|ARM
		{6FA8E8AD-BDA1-4789-947F-5D484D2BEAF0}.Release|ARM.Build.0 = Release|ARM
		{6FA8E8AD-BDA1-4789-947F-5D484D2BEAF0}.Release|ARM.Deploy.0 = Release|ARM
		{6FA8E8AD-BDA1-4789-947F-5D484D2BEAF0}.Release|ARM64.ActiveCfg = Release|ARM64
		{6FA8E8AD-BDA1-4789-947F-5D484D2BEAF0}.Release|ARM64.Build.0 = Release|ARM64
		{6FA8E8AD-BDA1-4789-947F-5D484D2BEAF0}.Release|ARM64.Deploy.0 = Release|ARM64
		{6FA8E8AD-BDA1-4789-947F-5D484D2BEAF0}.Release|iPhone.ActiveCfg = Release|x86
		{6FA8E8AD-BDA1-4789-947F-5D484D2BEAF0}.Release|iPhoneSimulator.ActiveCfg = Release|x86
		{6FA8E8AD-BDA1-4789-947F-5D484D2BEAF0}.Release|x64.ActiveCfg = Release|x64
		{6FA8E8AD-BDA1-4789-947F-5D484D2BEAF0}.Release|x64.Build.0 = Release|x64
		{6FA8E8AD-BDA1-4789-947F-5D484D2BEAF0}.Release|x64.Deploy.0 = Release|x64
		{6FA8E8AD-BDA1-4789-947F-5D484D2BEAF0}.Release|x86.ActiveCfg = Release|x86
		{6FA8E8AD-BDA1-4789-947F-5D484D2BEAF0}.Release|x86.Build.0 = Release|x86
		{6FA8E8AD-BDA1-4789-947F-5D484D2BEAF0}.Release|x86.Deploy.0 = Release|x86
		{F932878E-9017-4B17-A182-157FBB16E652}.Ad-Hoc|Any CPU.ActiveCfg = Debug|Any CPU
		{F932878E-9017-4B17-A182-157FBB16E652}.Ad-Hoc|Any CPU.Build.0 = Debug|Any CPU
		{F932878E-9017-4B17-A182-157FBB16E652}.Ad-Hoc|ARM.ActiveCfg = Debug|Any CPU
		{F932878E-9017-4B17-A182-157FBB16E652}.Ad-Hoc|ARM.Build.0 = Debug|Any CPU
		{F932878E-9017-4B17-A182-157FBB16E652}.Ad-Hoc|ARM64.ActiveCfg = Debug|Any CPU
		{F932878E-9017-4B17-A182-157FBB16E652}.Ad-Hoc|ARM64.Build.0 = Debug|Any CPU
		{F932878E-9017-4B17-A182-157FBB16E652}.Ad-Hoc|iPhone.ActiveCfg = Debug|Any CPU
		{F932878E-9017-4B17-A182-157FBB16E652}.Ad-Hoc|iPhone.Build.0 = Debug|Any CPU
		{F932878E-9017-4B17-A182-157FBB16E652}.Ad-Hoc|iPhoneSimulator.ActiveCfg = Debug|Any CPU
		{F932878E-9017-4B17-A182-157FBB16E652}.Ad-Hoc|iPhoneSimulator.Build.0 = Debug|Any CPU
		{F932878E-9017-4B17-A182-157FBB16E652}.Ad-Hoc|x64.ActiveCfg = Debug|Any CPU
		{F932878E-9017-4B17-A182-157FBB16E652}.Ad-Hoc|x64.Build.0 = Debug|Any CPU
		{F932878E-9017-4B17-A182-157FBB16E652}.Ad-Hoc|x86.ActiveCfg = Debug|Any CPU
		{F932878E-9017-4B17-A182-157FBB16E652}.Ad-Hoc|x86.Build.0 = Debug|Any CPU
		{F932878E-9017-4B17-A182-157FBB16E652}.AppStore|Any CPU.ActiveCfg = Debug|Any CPU
		{F932878E-9017-4B17-A182-157FBB16E652}.AppStore|Any CPU.Build.0 = Debug|Any CPU
		{F932878E-9017-4B17-A182-157FBB16E652}.AppStore|ARM.ActiveCfg = Debug|Any CPU
		{F932878E-9017-4B17-A182-157FBB16E652}.AppStore|ARM.Build.0 = Debug|Any CPU
		{F932878E-9017-4B17-A182-157FBB16E652}.AppStore|ARM64.ActiveCfg = Debug|Any CPU
		{F932878E-9017-4B17-A182-157FBB16E652}.AppStore|ARM64.Build.0 = Debug|Any CPU
		{F932878E-9017-4B17-A182-157FBB16E652}.AppStore|iPhone.ActiveCfg = Debug|Any CPU
		{F932878E-9017-4B17-A182-157FBB16E652}.AppStore|iPhone.Build.0 = Debug|Any CPU
		{F932878E-9017-4B17-A182-157FBB16E652}.AppStore|iPhoneSimulator.ActiveCfg = Debug|Any CPU
		{F932878E-9017-4B17-A182-157FBB16E652}.AppStore|iPhoneSimulator.Build.0 = Debug|Any CPU
		{F932878E-9017-4B17-A182-157FBB16E652}.AppStore|x64.ActiveCfg = Debug|Any CPU
		{F932878E-9017-4B17-A182-157FBB16E652}.AppStore|x64.Build.0 = Debug|Any CPU
		{F932878E-9017-4B17-A182-157FBB16E652}.AppStore|x86.ActiveCfg = Debug|Any CPU
		{F932878E-9017-4B17-A182-157FBB16E652}.AppStore|x86.Build.0 = Debug|Any CPU
		{F932878E-9017-4B17-A182-157FBB16E652}.Debug|Any CPU.ActiveCfg = Debug|Any CPU
		{F932878E-9017-4B17-A182-157FBB16E652}.Debug|Any CPU.Build.0 = Debug|Any CPU
		{F932878E-9017-4B17-A182-157FBB16E652}.Debug|ARM.ActiveCfg = Debug|Any CPU
		{F932878E-9017-4B17-A182-157FBB16E652}.Debug|ARM.Build.0 = Debug|Any CPU
		{F932878E-9017-4B17-A182-157FBB16E652}.Debug|ARM64.ActiveCfg = Debug|Any CPU
		{F932878E-9017-4B17-A182-157FBB16E652}.Debug|ARM64.Build.0 = Debug|Any CPU
		{F932878E-9017-4B17-A182-157FBB16E652}.Debug|iPhone.ActiveCfg = Debug|Any CPU
		{F932878E-9017-4B17-A182-157FBB16E652}.Debug|iPhone.Build.0 = Debug|Any CPU
		{F932878E-9017-4B17-A182-157FBB16E652}.Debug|iPhoneSimulator.ActiveCfg = Debug|Any CPU
		{F932878E-9017-4B17-A182-157FBB16E652}.Debug|iPhoneSimulator.Build.0 = Debug|Any CPU
		{F932878E-9017-4B17-A182-157FBB16E652}.Debug|x64.ActiveCfg = Debug|Any CPU
		{F932878E-9017-4B17-A182-157FBB16E652}.Debug|x64.Build.0 = Debug|Any CPU
		{F932878E-9017-4B17-A182-157FBB16E652}.Debug|x86.ActiveCfg = Debug|Any CPU
		{F932878E-9017-4B17-A182-157FBB16E652}.Debug|x86.Build.0 = Debug|Any CPU
		{F932878E-9017-4B17-A182-157FBB16E652}.Release|Any CPU.ActiveCfg = Release|Any CPU
		{F932878E-9017-4B17-A182-157FBB16E652}.Release|Any CPU.Build.0 = Release|Any CPU
		{F932878E-9017-4B17-A182-157FBB16E652}.Release|ARM.ActiveCfg = Release|Any CPU
		{F932878E-9017-4B17-A182-157FBB16E652}.Release|ARM.Build.0 = Release|Any CPU
		{F932878E-9017-4B17-A182-157FBB16E652}.Release|ARM64.ActiveCfg = Release|Any CPU
		{F932878E-9017-4B17-A182-157FBB16E652}.Release|ARM64.Build.0 = Release|Any CPU
		{F932878E-9017-4B17-A182-157FBB16E652}.Release|iPhone.ActiveCfg = Release|Any CPU
		{F932878E-9017-4B17-A182-157FBB16E652}.Release|iPhone.Build.0 = Release|Any CPU
		{F932878E-9017-4B17-A182-157FBB16E652}.Release|iPhoneSimulator.ActiveCfg = Release|Any CPU
		{F932878E-9017-4B17-A182-157FBB16E652}.Release|iPhoneSimulator.Build.0 = Release|Any CPU
		{F932878E-9017-4B17-A182-157FBB16E652}.Release|x64.ActiveCfg = Release|Any CPU
		{F932878E-9017-4B17-A182-157FBB16E652}.Release|x64.Build.0 = Release|Any CPU
		{F932878E-9017-4B17-A182-157FBB16E652}.Release|x86.ActiveCfg = Release|Any CPU
		{F932878E-9017-4B17-A182-157FBB16E652}.Release|x86.Build.0 = Release|Any CPU
		{63480F45-C331-4719-9B5F-73F1FB92560B}.Ad-Hoc|Any CPU.ActiveCfg = Release|iPhoneSimulator
		{63480F45-C331-4719-9B5F-73F1FB92560B}.Ad-Hoc|Any CPU.Build.0 = Release|iPhoneSimulator
		{63480F45-C331-4719-9B5F-73F1FB92560B}.Ad-Hoc|ARM.ActiveCfg = Release|iPhoneSimulator
		{63480F45-C331-4719-9B5F-73F1FB92560B}.Ad-Hoc|ARM.Build.0 = Release|iPhoneSimulator
		{63480F45-C331-4719-9B5F-73F1FB92560B}.Ad-Hoc|ARM64.ActiveCfg = Release|iPhoneSimulator
		{63480F45-C331-4719-9B5F-73F1FB92560B}.Ad-Hoc|ARM64.Build.0 = Release|iPhoneSimulator
		{63480F45-C331-4719-9B5F-73F1FB92560B}.Ad-Hoc|iPhone.ActiveCfg = Release|iPhoneSimulator
		{63480F45-C331-4719-9B5F-73F1FB92560B}.Ad-Hoc|iPhone.Build.0 = Release|iPhoneSimulator
		{63480F45-C331-4719-9B5F-73F1FB92560B}.Ad-Hoc|iPhoneSimulator.ActiveCfg = Release|iPhoneSimulator
		{63480F45-C331-4719-9B5F-73F1FB92560B}.Ad-Hoc|iPhoneSimulator.Build.0 = Release|iPhoneSimulator
		{63480F45-C331-4719-9B5F-73F1FB92560B}.Ad-Hoc|x64.ActiveCfg = Release|iPhoneSimulator
		{63480F45-C331-4719-9B5F-73F1FB92560B}.Ad-Hoc|x64.Build.0 = Release|iPhoneSimulator
		{63480F45-C331-4719-9B5F-73F1FB92560B}.Ad-Hoc|x86.ActiveCfg = Release|iPhoneSimulator
		{63480F45-C331-4719-9B5F-73F1FB92560B}.Ad-Hoc|x86.Build.0 = Release|iPhoneSimulator
		{63480F45-C331-4719-9B5F-73F1FB92560B}.AppStore|Any CPU.ActiveCfg = Release|iPhoneSimulator
		{63480F45-C331-4719-9B5F-73F1FB92560B}.AppStore|Any CPU.Build.0 = Release|iPhoneSimulator
		{63480F45-C331-4719-9B5F-73F1FB92560B}.AppStore|ARM.ActiveCfg = Release|iPhoneSimulator
		{63480F45-C331-4719-9B5F-73F1FB92560B}.AppStore|ARM.Build.0 = Release|iPhoneSimulator
		{63480F45-C331-4719-9B5F-73F1FB92560B}.AppStore|ARM64.ActiveCfg = Release|iPhoneSimulator
		{63480F45-C331-4719-9B5F-73F1FB92560B}.AppStore|ARM64.Build.0 = Release|iPhoneSimulator
		{63480F45-C331-4719-9B5F-73F1FB92560B}.AppStore|iPhone.ActiveCfg = Release|iPhoneSimulator
		{63480F45-C331-4719-9B5F-73F1FB92560B}.AppStore|iPhone.Build.0 = Release|iPhoneSimulator
		{63480F45-C331-4719-9B5F-73F1FB92560B}.AppStore|iPhoneSimulator.ActiveCfg = Release|iPhoneSimulator
		{63480F45-C331-4719-9B5F-73F1FB92560B}.AppStore|iPhoneSimulator.Build.0 = Release|iPhoneSimulator
		{63480F45-C331-4719-9B5F-73F1FB92560B}.AppStore|x64.ActiveCfg = Release|iPhoneSimulator
		{63480F45-C331-4719-9B5F-73F1FB92560B}.AppStore|x64.Build.0 = Release|iPhoneSimulator
		{63480F45-C331-4719-9B5F-73F1FB92560B}.AppStore|x86.ActiveCfg = Release|iPhoneSimulator
		{63480F45-C331-4719-9B5F-73F1FB92560B}.AppStore|x86.Build.0 = Release|iPhoneSimulator
		{63480F45-C331-4719-9B5F-73F1FB92560B}.Debug|Any CPU.ActiveCfg = Debug|iPhoneSimulator
		{63480F45-C331-4719-9B5F-73F1FB92560B}.Debug|ARM.ActiveCfg = Debug|iPhoneSimulator
		{63480F45-C331-4719-9B5F-73F1FB92560B}.Debug|ARM64.ActiveCfg = Debug|iPhoneSimulator
		{63480F45-C331-4719-9B5F-73F1FB92560B}.Debug|iPhone.ActiveCfg = Debug|iPhoneSimulator
		{63480F45-C331-4719-9B5F-73F1FB92560B}.Debug|iPhoneSimulator.ActiveCfg = Debug|iPhoneSimulator
		{63480F45-C331-4719-9B5F-73F1FB92560B}.Debug|iPhoneSimulator.Build.0 = Debug|iPhoneSimulator
		{63480F45-C331-4719-9B5F-73F1FB92560B}.Debug|x64.ActiveCfg = Debug|iPhoneSimulator
		{63480F45-C331-4719-9B5F-73F1FB92560B}.Debug|x86.ActiveCfg = Debug|iPhoneSimulator
		{63480F45-C331-4719-9B5F-73F1FB92560B}.Release|Any CPU.ActiveCfg = Release|iPhoneSimulator
		{63480F45-C331-4719-9B5F-73F1FB92560B}.Release|ARM.ActiveCfg = Release|iPhoneSimulator
		{63480F45-C331-4719-9B5F-73F1FB92560B}.Release|ARM64.ActiveCfg = Release|iPhoneSimulator
		{63480F45-C331-4719-9B5F-73F1FB92560B}.Release|iPhone.ActiveCfg = Release|iPhoneSimulator
		{63480F45-C331-4719-9B5F-73F1FB92560B}.Release|iPhoneSimulator.ActiveCfg = Release|iPhoneSimulator
		{63480F45-C331-4719-9B5F-73F1FB92560B}.Release|iPhoneSimulator.Build.0 = Release|iPhoneSimulator
		{63480F45-C331-4719-9B5F-73F1FB92560B}.Release|x64.ActiveCfg = Release|iPhoneSimulator
		{63480F45-C331-4719-9B5F-73F1FB92560B}.Release|x86.ActiveCfg = Release|iPhoneSimulator
		{E2C9AA3E-AC63-4842-B55B-BE70FBB2240B}.Ad-Hoc|Any CPU.ActiveCfg = Debug|Any CPU
		{E2C9AA3E-AC63-4842-B55B-BE70FBB2240B}.Ad-Hoc|Any CPU.Build.0 = Debug|Any CPU
		{E2C9AA3E-AC63-4842-B55B-BE70FBB2240B}.Ad-Hoc|ARM.ActiveCfg = Debug|Any CPU
		{E2C9AA3E-AC63-4842-B55B-BE70FBB2240B}.Ad-Hoc|ARM.Build.0 = Debug|Any CPU
		{E2C9AA3E-AC63-4842-B55B-BE70FBB2240B}.Ad-Hoc|ARM64.ActiveCfg = Debug|Any CPU
		{E2C9AA3E-AC63-4842-B55B-BE70FBB2240B}.Ad-Hoc|ARM64.Build.0 = Debug|Any CPU
		{E2C9AA3E-AC63-4842-B55B-BE70FBB2240B}.Ad-Hoc|iPhone.ActiveCfg = Debug|Any CPU
		{E2C9AA3E-AC63-4842-B55B-BE70FBB2240B}.Ad-Hoc|iPhone.Build.0 = Debug|Any CPU
		{E2C9AA3E-AC63-4842-B55B-BE70FBB2240B}.Ad-Hoc|iPhoneSimulator.ActiveCfg = Debug|Any CPU
		{E2C9AA3E-AC63-4842-B55B-BE70FBB2240B}.Ad-Hoc|iPhoneSimulator.Build.0 = Debug|Any CPU
		{E2C9AA3E-AC63-4842-B55B-BE70FBB2240B}.Ad-Hoc|x64.ActiveCfg = Debug|Any CPU
		{E2C9AA3E-AC63-4842-B55B-BE70FBB2240B}.Ad-Hoc|x64.Build.0 = Debug|Any CPU
		{E2C9AA3E-AC63-4842-B55B-BE70FBB2240B}.Ad-Hoc|x86.ActiveCfg = Debug|Any CPU
		{E2C9AA3E-AC63-4842-B55B-BE70FBB2240B}.Ad-Hoc|x86.Build.0 = Debug|Any CPU
		{E2C9AA3E-AC63-4842-B55B-BE70FBB2240B}.AppStore|Any CPU.ActiveCfg = Debug|Any CPU
		{E2C9AA3E-AC63-4842-B55B-BE70FBB2240B}.AppStore|Any CPU.Build.0 = Debug|Any CPU
		{E2C9AA3E-AC63-4842-B55B-BE70FBB2240B}.AppStore|ARM.ActiveCfg = Debug|Any CPU
		{E2C9AA3E-AC63-4842-B55B-BE70FBB2240B}.AppStore|ARM.Build.0 = Debug|Any CPU
		{E2C9AA3E-AC63-4842-B55B-BE70FBB2240B}.AppStore|ARM64.ActiveCfg = Debug|Any CPU
		{E2C9AA3E-AC63-4842-B55B-BE70FBB2240B}.AppStore|ARM64.Build.0 = Debug|Any CPU
		{E2C9AA3E-AC63-4842-B55B-BE70FBB2240B}.AppStore|iPhone.ActiveCfg = Debug|Any CPU
		{E2C9AA3E-AC63-4842-B55B-BE70FBB2240B}.AppStore|iPhone.Build.0 = Debug|Any CPU
		{E2C9AA3E-AC63-4842-B55B-BE70FBB2240B}.AppStore|iPhoneSimulator.ActiveCfg = Debug|Any CPU
		{E2C9AA3E-AC63-4842-B55B-BE70FBB2240B}.AppStore|iPhoneSimulator.Build.0 = Debug|Any CPU
		{E2C9AA3E-AC63-4842-B55B-BE70FBB2240B}.AppStore|x64.ActiveCfg = Debug|Any CPU
		{E2C9AA3E-AC63-4842-B55B-BE70FBB2240B}.AppStore|x64.Build.0 = Debug|Any CPU
		{E2C9AA3E-AC63-4842-B55B-BE70FBB2240B}.AppStore|x86.ActiveCfg = Debug|Any CPU
		{E2C9AA3E-AC63-4842-B55B-BE70FBB2240B}.AppStore|x86.Build.0 = Debug|Any CPU
		{E2C9AA3E-AC63-4842-B55B-BE70FBB2240B}.Debug|Any CPU.ActiveCfg = Debug|Any CPU
		{E2C9AA3E-AC63-4842-B55B-BE70FBB2240B}.Debug|Any CPU.Build.0 = Debug|Any CPU
		{E2C9AA3E-AC63-4842-B55B-BE70FBB2240B}.Debug|ARM.ActiveCfg = Debug|Any CPU
		{E2C9AA3E-AC63-4842-B55B-BE70FBB2240B}.Debug|ARM.Build.0 = Debug|Any CPU
		{E2C9AA3E-AC63-4842-B55B-BE70FBB2240B}.Debug|ARM64.ActiveCfg = Debug|Any CPU
		{E2C9AA3E-AC63-4842-B55B-BE70FBB2240B}.Debug|ARM64.Build.0 = Debug|Any CPU
		{E2C9AA3E-AC63-4842-B55B-BE70FBB2240B}.Debug|iPhone.ActiveCfg = Debug|Any CPU
		{E2C9AA3E-AC63-4842-B55B-BE70FBB2240B}.Debug|iPhone.Build.0 = Debug|Any CPU
		{E2C9AA3E-AC63-4842-B55B-BE70FBB2240B}.Debug|iPhoneSimulator.ActiveCfg = Debug|Any CPU
		{E2C9AA3E-AC63-4842-B55B-BE70FBB2240B}.Debug|iPhoneSimulator.Build.0 = Debug|Any CPU
		{E2C9AA3E-AC63-4842-B55B-BE70FBB2240B}.Debug|x64.ActiveCfg = Debug|Any CPU
		{E2C9AA3E-AC63-4842-B55B-BE70FBB2240B}.Debug|x64.Build.0 = Debug|Any CPU
		{E2C9AA3E-AC63-4842-B55B-BE70FBB2240B}.Debug|x86.ActiveCfg = Debug|Any CPU
		{E2C9AA3E-AC63-4842-B55B-BE70FBB2240B}.Debug|x86.Build.0 = Debug|Any CPU
		{E2C9AA3E-AC63-4842-B55B-BE70FBB2240B}.Release|Any CPU.ActiveCfg = Release|Any CPU
		{E2C9AA3E-AC63-4842-B55B-BE70FBB2240B}.Release|Any CPU.Build.0 = Release|Any CPU
		{E2C9AA3E-AC63-4842-B55B-BE70FBB2240B}.Release|ARM.ActiveCfg = Release|Any CPU
		{E2C9AA3E-AC63-4842-B55B-BE70FBB2240B}.Release|ARM.Build.0 = Release|Any CPU
		{E2C9AA3E-AC63-4842-B55B-BE70FBB2240B}.Release|ARM64.ActiveCfg = Release|Any CPU
		{E2C9AA3E-AC63-4842-B55B-BE70FBB2240B}.Release|ARM64.Build.0 = Release|Any CPU
		{E2C9AA3E-AC63-4842-B55B-BE70FBB2240B}.Release|iPhone.ActiveCfg = Release|Any CPU
		{E2C9AA3E-AC63-4842-B55B-BE70FBB2240B}.Release|iPhone.Build.0 = Release|Any CPU
		{E2C9AA3E-AC63-4842-B55B-BE70FBB2240B}.Release|iPhoneSimulator.ActiveCfg = Release|Any CPU
		{E2C9AA3E-AC63-4842-B55B-BE70FBB2240B}.Release|iPhoneSimulator.Build.0 = Release|Any CPU
		{E2C9AA3E-AC63-4842-B55B-BE70FBB2240B}.Release|x64.ActiveCfg = Release|Any CPU
		{E2C9AA3E-AC63-4842-B55B-BE70FBB2240B}.Release|x64.Build.0 = Release|Any CPU
		{E2C9AA3E-AC63-4842-B55B-BE70FBB2240B}.Release|x86.ActiveCfg = Release|Any CPU
		{E2C9AA3E-AC63-4842-B55B-BE70FBB2240B}.Release|x86.Build.0 = Release|Any CPU
	EndGlobalSection
	GlobalSection(SolutionProperties) = preSolution
		HideSolutionNode = FALSE
	EndGlobalSection
	GlobalSection(ExtensibilityGlobals) = postSolution
		SolutionGuid = {B3A31F98-4038-41BA-B162-D7FD756DA3B8}
	EndGlobalSection
EndGlobal
